
Microsoft Visual Studio Solution File, Format Version 12.00
# Visual Studio Version 16
VisualStudioVersion = 16.0.30309.148
MinimumVisualStudioVersion = 10.0.40219.1
Project("{FAE04EC0-301F-11D3-BF4B-00C04F79EFBC}") = "SimpleInjector.Extensions.HealthChecks", "SimpleInjector.Extensions.HealthChecks\SimpleInjector.Extensions.HealthChecks.csproj", "{06D1C21B-5D2A-4CEF-A112-F1CE2751DB89}"
EndProject
Global
	GlobalSection(SolutionConfigurationPlatforms) = preSolution
		Debug|Any CPU = Debug|Any CPU
		Release|Any CPU = Release|Any CPU
	EndGlobalSection
	GlobalSection(ProjectConfigurationPlatforms) = postSolution
		{06D1C21B-5D2A-4CEF-A112-F1CE2751DB89}.Debug|Any CPU.ActiveCfg = Debug|Any CPU
		{06D1C21B-5D2A-4CEF-A112-F1CE2751DB89}.Debug|Any CPU.Build.0 = Debug|Any CPU
		{06D1C21B-5D2A-4CEF-A112-F1CE2751DB89}.Release|Any CPU.ActiveCfg = Release|Any CPU
		{06D1C21B-5D2A-4CEF-A112-F1CE2751DB89}.Release|Any CPU.Build.0 = Release|Any CPU
	EndGlobalSection
	GlobalSection(SolutionProperties) = preSolution
		HideSolutionNode = FALSE
	EndGlobalSection
	GlobalSection(ExtensibilityGlobals) = postSolution
		SolutionGuid = {36296551-6C6B-4E5E-8BB9-64BC95D98EFE}
	EndGlobalSection
EndGlobal
